// !$*UTF8*$!
{
	archiveVersion = 1;
	classes = {
	};
	objectVersion = 50;
	objects = {

/* Begin PBXBuildFile section */
		90AFC54C2311018800CF24B9 /* SampleListViewController.swift in Sources */ = {isa = PBXBuildFile; fileRef = 90AFC54B2311018800CF24B9 /* SampleListViewController.swift */; };
		90DBC7ED2301500F00235BDA /* AppDelegate.swift in Sources */ = {isa = PBXBuildFile; fileRef = 90DBC7EC2301500F00235BDA /* AppDelegate.swift */; };
		90DBC7EF2301500F00235BDA /* RootViewController.swift in Sources */ = {isa = PBXBuildFile; fileRef = 90DBC7EE2301500F00235BDA /* RootViewController.swift */; };
		90DBC7F42301501000235BDA /* Assets.xcassets in Resources */ = {isa = PBXBuildFile; fileRef = 90DBC7F32301501000235BDA /* Assets.xcassets */; };
		90DBC7F72301501000235BDA /* LaunchScreen.storyboard in Resources */ = {isa = PBXBuildFile; fileRef = 90DBC7F52301501000235BDA /* LaunchScreen.storyboard */; };
		90DBC8022301501000235BDA /* SwiftSampleTests.swift in Sources */ = {isa = PBXBuildFile; fileRef = 90DBC8012301501000235BDA /* SwiftSampleTests.swift */; };
		90DBC80D2301501000235BDA /* SwiftSampleUITests.swift in Sources */ = {isa = PBXBuildFile; fileRef = 90DBC80C2301501000235BDA /* SwiftSampleUITests.swift */; };
		90DBC81B2302F42200235BDA /* CustomCellListViewController.swift in Sources */ = {isa = PBXBuildFile; fileRef = 90DBC81A2302F42200235BDA /* CustomCellListViewController.swift */; };
		90DBC81E23057EDD00235BDA /* UITableView+Extension.swift in Sources */ = {isa = PBXBuildFile; fileRef = 90DBC81D23057EDD00235BDA /* UITableView+Extension.swift */; };
		90DBC8212305801C00235BDA /* CustomCell.swift in Sources */ = {isa = PBXBuildFile; fileRef = 90DBC8202305801C00235BDA /* CustomCell.swift */; };
		90DBC8232305804E00235BDA /* CustomCell.xib in Resources */ = {isa = PBXBuildFile; fileRef = 90DBC8222305804E00235BDA /* CustomCell.xib */; };
/* End PBXBuildFile section */

/* Begin PBXContainerItemProxy section */
		90DBC7FE2301501000235BDA /* PBXContainerItemProxy */ = {
			isa = PBXContainerItemProxy;
			containerPortal = 90DBC7E12301500F00235BDA /* Project object */;
			proxyType = 1;
			remoteGlobalIDString = 90DBC7E82301500F00235BDA;
			remoteInfo = SwiftSample;
		};
		90DBC8092301501000235BDA /* PBXContainerItemProxy */ = {
			isa = PBXContainerItemProxy;
			containerPortal = 90DBC7E12301500F00235BDA /* Project object */;
			proxyType = 1;
			remoteGlobalIDString = 90DBC7E82301500F00235BDA;
			remoteInfo = SwiftSample;
		};
/* End PBXContainerItemProxy section */

/* Begin PBXFileReference section */
		90AFC54B2311018800CF24B9 /* SampleListViewController.swift */ = {isa = PBXFileReference; lastKnownFileType = sourcecode.swift; path = SampleListViewController.swift; sourceTree = "<group>"; };
		90DBC7E92301500F00235BDA /* SwiftSample.app */ = {isa = PBXFileReference; explicitFileType = wrapper.application; includeInIndex = 0; path = SwiftSample.app; sourceTree = BUILT_PRODUCTS_DIR; };
		90DBC7EC2301500F00235BDA /* AppDelegate.swift */ = {isa = PBXFileReference; lastKnownFileType = sourcecode.swift; path = AppDelegate.swift; sourceTree = "<group>"; };
		90DBC7EE2301500F00235BDA /* RootViewController.swift */ = {isa = PBXFileReference; lastKnownFileType = sourcecode.swift; path = RootViewController.swift; sourceTree = "<group>"; };
		90DBC7F32301501000235BDA /* Assets.xcassets */ = {isa = PBXFileReference; lastKnownFileType = folder.assetcatalog; path = Assets.xcassets; sourceTree = "<group>"; };
		90DBC7F62301501000235BDA /* Base */ = {isa = PBXFileReference; lastKnownFileType = file.storyboard; name = Base; path = Base.lproj/LaunchScreen.storyboard; sourceTree = "<group>"; };
		90DBC7F82301501000235BDA /* Info.plist */ = {isa = PBXFileReference; lastKnownFileType = text.plist.xml; path = Info.plist; sourceTree = "<group>"; };
		90DBC7FD2301501000235BDA /* SwiftSampleTests.xctest */ = {isa = PBXFileReference; explicitFileType = wrapper.cfbundle; includeInIndex = 0; path = SwiftSampleTests.xctest; sourceTree = BUILT_PRODUCTS_DIR; };
		90DBC8012301501000235BDA /* SwiftSampleTests.swift */ = {isa = PBXFileReference; lastKnownFileType = sourcecode.swift; path = SwiftSampleTests.swift; sourceTree = "<group>"; };
		90DBC8032301501000235BDA /* Info.plist */ = {isa = PBXFileReference; lastKnownFileType = text.plist.xml; path = Info.plist; sourceTree = "<group>"; };
		90DBC8082301501000235BDA /* SwiftSampleUITests.xctest */ = {isa = PBXFileReference; explicitFileType = wrapper.cfbundle; includeInIndex = 0; path = SwiftSampleUITests.xctest; sourceTree = BUILT_PRODUCTS_DIR; };
		90DBC80C2301501000235BDA /* SwiftSampleUITests.swift */ = {isa = PBXFileReference; lastKnownFileType = sourcecode.swift; path = SwiftSampleUITests.swift; sourceTree = "<group>"; };
		90DBC80E2301501000235BDA /* Info.plist */ = {isa = PBXFileReference; lastKnownFileType = text.plist.xml; path = Info.plist; sourceTree = "<group>"; };
		90DBC81A2302F42200235BDA /* CustomCellListViewController.swift */ = {isa = PBXFileReference; lastKnownFileType = sourcecode.swift; path = CustomCellListViewController.swift; sourceTree = "<group>"; };
		90DBC81D23057EDD00235BDA /* UITableView+Extension.swift */ = {isa = PBXFileReference; lastKnownFileType = sourcecode.swift; path = "UITableView+Extension.swift"; sourceTree = "<group>"; };
		90DBC8202305801C00235BDA /* CustomCell.swift */ = {isa = PBXFileReference; lastKnownFileType = sourcecode.swift; path = CustomCell.swift; sourceTree = "<group>"; };
		90DBC8222305804E00235BDA /* CustomCell.xib */ = {isa = PBXFileReference; lastKnownFileType = file.xib; path = CustomCell.xib; sourceTree = "<group>"; };
/* End PBXFileReference section */

/* Begin PBXFrameworksBuildPhase section */
		90DBC7E62301500F00235BDA /* Frameworks */ = {
			isa = PBXFrameworksBuildPhase;
			buildActionMask = 2147483647;
			files = (
			);
			runOnlyForDeploymentPostprocessing = 0;
		};
		90DBC7FA2301501000235BDA /* Frameworks */ = {
			isa = PBXFrameworksBuildPhase;
			buildActionMask = 2147483647;
			files = (
			);
			runOnlyForDeploymentPostprocessing = 0;
		};
		90DBC8052301501000235BDA /* Frameworks */ = {
			isa = PBXFrameworksBuildPhase;
			buildActionMask = 2147483647;
			files = (
			);
			runOnlyForDeploymentPostprocessing = 0;
		};
/* End PBXFrameworksBuildPhase section */

/* Begin PBXGroup section */
		90AFC54D231105B200CF24B9 /* CustomCellList */ = {
			isa = PBXGroup;
			children = (
				90DBC81A2302F42200235BDA /* CustomCellListViewController.swift */,
				90DBC81F23057FE400235BDA /* Cell */,
			);
			path = CustomCellList;
			sourceTree = "<group>";
		};
		90DBC7E02301500F00235BDA = {
			isa = PBXGroup;
			children = (
				90DBC7EB2301500F00235BDA /* SwiftSample */,
				90DBC8002301501000235BDA /* SwiftSampleTests */,
				90DBC80B2301501000235BDA /* SwiftSampleUITests */,
				90DBC7EA2301500F00235BDA /* Products */,
			);
			sourceTree = "<group>";
		};
		90DBC7EA2301500F00235BDA /* Products */ = {
			isa = PBXGroup;
			children = (
				90DBC7E92301500F00235BDA /* SwiftSample.app */,
				90DBC7FD2301501000235BDA /* SwiftSampleTests.xctest */,
				90DBC8082301501000235BDA /* SwiftSampleUITests.xctest */,
			);
			name = Products;
			sourceTree = "<group>";
		};
		90DBC7EB2301500F00235BDA /* SwiftSample */ = {
			isa = PBXGroup;
			children = (
				90DBC81C23057EAB00235BDA /* Extension */,
				90DBC7EC2301500F00235BDA /* AppDelegate.swift */,
				90DBC7EE2301500F00235BDA /* RootViewController.swift */,
				90AFC54B2311018800CF24B9 /* SampleListViewController.swift */,
				90AFC54D231105B200CF24B9 /* CustomCellList */,
				90DBC7F32301501000235BDA /* Assets.xcassets */,
				90DBC7F52301501000235BDA /* LaunchScreen.storyboard */,
				90DBC7F82301501000235BDA /* Info.plist */,
			);
			path = SwiftSample;
			sourceTree = "<group>";
		};
		90DBC8002301501000235BDA /* SwiftSampleTests */ = {
			isa = PBXGroup;
			children = (
				90DBC8012301501000235BDA /* SwiftSampleTests.swift */,
				90DBC8032301501000235BDA /* Info.plist */,
			);
			path = SwiftSampleTests;
			sourceTree = "<group>";
		};
		90DBC80B2301501000235BDA /* SwiftSampleUITests */ = {
			isa = PBXGroup;
			children = (
				90DBC80C2301501000235BDA /* SwiftSampleUITests.swift */,
				90DBC80E2301501000235BDA /* Info.plist */,
			);
			path = SwiftSampleUITests;
			sourceTree = "<group>";
		};
		90DBC81C23057EAB00235BDA /* Extension */ = {
			isa = PBXGroup;
			children = (
				90DBC81D23057EDD00235BDA /* UITableView+Extension.swift */,
			);
			path = Extension;
			sourceTree = "<group>";
		};
		90DBC81F23057FE400235BDA /* Cell */ = {
			isa = PBXGroup;
			children = (
				90DBC8202305801C00235BDA /* CustomCell.swift */,
				90DBC8222305804E00235BDA /* CustomCell.xib */,
			);
			path = Cell;
			sourceTree = "<group>";
		};
/* End PBXGroup section */

/* Begin PBXNativeTarget section */
		90DBC7E82301500F00235BDA /* SwiftSample */ = {
			isa = PBXNativeTarget;
			buildConfigurationList = 90DBC8112301501000235BDA /* Build configuration list for PBXNativeTarget "SwiftSample" */;
			buildPhases = (
				90DBC7E52301500F00235BDA /* Sources */,
				90DBC7E62301500F00235BDA /* Frameworks */,
				90DBC7E72301500F00235BDA /* Resources */,
			);
			buildRules = (
			);
			dependencies = (
			);
			name = SwiftSample;
			productName = SwiftSample;
			productReference = 90DBC7E92301500F00235BDA /* SwiftSample.app */;
			productType = "com.apple.product-type.application";
		};
		90DBC7FC2301501000235BDA /* SwiftSampleTests */ = {
			isa = PBXNativeTarget;
			buildConfigurationList = 90DBC8142301501000235BDA /* Build configuration list for PBXNativeTarget "SwiftSampleTests" */;
			buildPhases = (
				90DBC7F92301501000235BDA /* Sources */,
				90DBC7FA2301501000235BDA /* Frameworks */,
				90DBC7FB2301501000235BDA /* Resources */,
			);
			buildRules = (
			);
			dependencies = (
				90DBC7FF2301501000235BDA /* PBXTargetDependency */,
			);
			name = SwiftSampleTests;
			productName = SwiftSampleTests;
			productReference = 90DBC7FD2301501000235BDA /* SwiftSampleTests.xctest */;
			productType = "com.apple.product-type.bundle.unit-test";
		};
		90DBC8072301501000235BDA /* SwiftSampleUITests */ = {
			isa = PBXNativeTarget;
			buildConfigurationList = 90DBC8172301501000235BDA /* Build configuration list for PBXNativeTarget "SwiftSampleUITests" */;
			buildPhases = (
				90DBC8042301501000235BDA /* Sources */,
				90DBC8052301501000235BDA /* Frameworks */,
				90DBC8062301501000235BDA /* Resources */,
			);
			buildRules = (
			);
			dependencies = (
				90DBC80A2301501000235BDA /* PBXTargetDependency */,
			);
			name = SwiftSampleUITests;
			productName = SwiftSampleUITests;
			productReference = 90DBC8082301501000235BDA /* SwiftSampleUITests.xctest */;
			productType = "com.apple.product-type.bundle.ui-testing";
		};
/* End PBXNativeTarget section */

/* Begin PBXProject section */
		90DBC7E12301500F00235BDA /* Project object */ = {
			isa = PBXProject;
			attributes = {
				LastSwiftUpdateCheck = 1020;
				LastUpgradeCheck = 1020;
				ORGANIZATIONNAME = "Mutsumi Kakuta";
				TargetAttributes = {
					90DBC7E82301500F00235BDA = {
						CreatedOnToolsVersion = 10.2.1;
					};
					90DBC7FC2301501000235BDA = {
						CreatedOnToolsVersion = 10.2.1;
						TestTargetID = 90DBC7E82301500F00235BDA;
					};
					90DBC8072301501000235BDA = {
						CreatedOnToolsVersion = 10.2.1;
						TestTargetID = 90DBC7E82301500F00235BDA;
					};
				};
			};
			buildConfigurationList = 90DBC7E42301500F00235BDA /* Build configuration list for PBXProject "SwiftSample" */;
			compatibilityVersion = "Xcode 9.3";
			developmentRegion = en;
			hasScannedForEncodings = 0;
			knownRegions = (
				en,
				Base,
			);
			mainGroup = 90DBC7E02301500F00235BDA;
			productRefGroup = 90DBC7EA2301500F00235BDA /* Products */;
			projectDirPath = "";
			projectRoot = "";
			targets = (
				90DBC7E82301500F00235BDA /* SwiftSample */,
				90DBC7FC2301501000235BDA /* SwiftSampleTests */,
				90DBC8072301501000235BDA /* SwiftSampleUITests */,
			);
		};
/* End PBXProject section */

/* Begin PBXResourcesBuildPhase section */
		90DBC7E72301500F00235BDA /* Resources */ = {
			isa = PBXResourcesBuildPhase;
			buildActionMask = 2147483647;
			files = (
				90DBC7F72301501000235BDA /* LaunchScreen.storyboard in Resources */,
				90DBC7F42301501000235BDA /* Assets.xcassets in Resources */,
				90DBC8232305804E00235BDA /* CustomCell.xib in Resources */,
			);
			runOnlyForDeploymentPostprocessing = 0;
		};
		90DBC7FB2301501000235BDA /* Resources */ = {
			isa = PBXResourcesBuildPhase;
			buildActionMask = 2147483647;
			files = (
			);
			runOnlyForDeploymentPostprocessing = 0;
		};
		90DBC8062301501000235BDA /* Resources */ = {
			isa = PBXResourcesBuildPhase;
			buildActionMask = 2147483647;
			files = (
			);
			runOnlyForDeploymentPostprocessing = 0;
		};
/* End PBXResourcesBuildPhase section */

/* Begin PBXSourcesBuildPhase section */
		90DBC7E52301500F00235BDA /* Sources */ = {
			isa = PBXSourcesBuildPhase;
			buildActionMask = 2147483647;
			files = (
				90AFC54C2311018800CF24B9 /* SampleListViewController.swift in Sources */,
				90DBC8212305801C00235BDA /* CustomCell.swift in Sources */,
				90DBC7EF2301500F00235BDA /* RootViewController.swift in Sources */,
				90DBC7ED2301500F00235BDA /* AppDelegate.swift in Sources */,
				90DBC81B2302F42200235BDA /* CustomCellListViewController.swift in Sources */,
				90DBC81E23057EDD00235BDA /* UITableView+Extension.swift in Sources */,
			);
			runOnlyForDeploymentPostprocessing = 0;
		};
		90DBC7F92301501000235BDA /* Sources */ = {
			isa = PBXSourcesBuildPhase;
			buildActionMask = 2147483647;
			files = (
				90DBC8022301501000235BDA /* SwiftSampleTests.swift in Sources */,
			);
			runOnlyForDeploymentPostprocessing = 0;
		};
		90DBC8042301501000235BDA /* Sources */ = {
			isa = PBXSourcesBuildPhase;
			buildActionMask = 2147483647;
			files = (
				90DBC80D2301501000235BDA /* SwiftSampleUITests.swift in Sources */,
			);
			runOnlyForDeploymentPostprocessing = 0;
		};
/* End PBXSourcesBuildPhase section */

/* Begin PBXTargetDependency section */
		90DBC7FF2301501000235BDA /* PBXTargetDependency */ = {
			isa = PBXTargetDependency;
			target = 90DBC7E82301500F00235BDA /* SwiftSample */;
			targetProxy = 90DBC7FE2301501000235BDA /* PBXContainerItemProxy */;
		};
		90DBC80A2301501000235BDA /* PBXTargetDependency */ = {
			isa = PBXTargetDependency;
			target = 90DBC7E82301500F00235BDA /* SwiftSample */;
			targetProxy = 90DBC8092301501000235BDA /* PBXContainerItemProxy */;
		};
/* End PBXTargetDependency section */

/* Begin PBXVariantGroup section */
		90DBC7F52301501000235BDA /* LaunchScreen.storyboard */ = {
			isa = PBXVariantGroup;
			children = (
				90DBC7F62301501000235BDA /* Base */,
			);
			name = LaunchScreen.storyboard;
			sourceTree = "<group>";
		};
/* End PBXVariantGroup section */

/* Begin XCBuildConfiguration section */
		90DBC80F2301501000235BDA /* Debug */ = {
			isa = XCBuildConfiguration;
			buildSettings = {
				ALWAYS_SEARCH_USER_PATHS = NO;
				CLANG_ANALYZER_NONNULL = YES;
				CLANG_ANALYZER_NUMBER_OBJECT_CONVERSION = YES_AGGRESSIVE;
				CLANG_CXX_LANGUAGE_STANDARD = "gnu++14";
				CLANG_CXX_LIBRARY = "libc++";
				CLANG_ENABLE_MODULES = YES;
				CLANG_ENABLE_OBJC_ARC = YES;
				CLANG_ENABLE_OBJC_WEAK = YES;
				CLANG_WARN_BLOCK_CAPTURE_AUTORELEASING = YES;
				CLANG_WARN_BOOL_CONVERSION = YES;
				CLANG_WARN_COMMA = YES;
				CLANG_WARN_CONSTANT_CONVERSION = YES;
				CLANG_WARN_DEPRECATED_OBJC_IMPLEMENTATIONS = YES;
				CLANG_WARN_DIRECT_OBJC_ISA_USAGE = YES_ERROR;
				CLANG_WARN_DOCUMENTATION_COMMENTS = YES;
				CLANG_WARN_EMPTY_BODY = YES;
				CLANG_WARN_ENUM_CONVERSION = YES;
				CLANG_WARN_INFINITE_RECURSION = YES;
				CLANG_WARN_INT_CONVERSION = YES;
				CLANG_WARN_NON_LITERAL_NULL_CONVERSION = YES;
				CLANG_WARN_OBJC_IMPLICIT_RETAIN_SELF = YES;
				CLANG_WARN_OBJC_LITERAL_CONVERSION = YES;
				CLANG_WARN_OBJC_ROOT_CLASS = YES_ERROR;
				CLANG_WARN_RANGE_LOOP_ANALYSIS = YES;
				CLANG_WARN_STRICT_PROTOTYPES = YES;
				CLANG_WARN_SUSPICIOUS_MOVE = YES;
				CLANG_WARN_UNGUARDED_AVAILABILITY = YES_AGGRESSIVE;
				CLANG_WARN_UNREACHABLE_CODE = YES;
				CLANG_WARN__DUPLICATE_METHOD_MATCH = YES;
				CODE_SIGN_IDENTITY = "iPhone Developer";
				COPY_PHASE_STRIP = NO;
				DEBUG_INFORMATION_FORMAT = dwarf;
				ENABLE_STRICT_OBJC_MSGSEND = YES;
				ENABLE_TESTABILITY = YES;
				GCC_C_LANGUAGE_STANDARD = gnu11;
				GCC_DYNAMIC_NO_PIC = NO;
				GCC_NO_COMMON_BLOCKS = YES;
				GCC_OPTIMIZATION_LEVEL = 0;
				GCC_PREPROCESSOR_DEFINITIONS = (
					"DEBUG=1",
					"$(inherited)",
				);
				GCC_WARN_64_TO_32_BIT_CONVERSION = YES;
				GCC_WARN_ABOUT_RETURN_TYPE = YES_ERROR;
				GCC_WARN_UNDECLARED_SELECTOR = YES;
				GCC_WARN_UNINITIALIZED_AUTOS = YES_AGGRESSIVE;
				GCC_WARN_UNUSED_FUNCTION = YES;
				GCC_WARN_UNUSED_VARIABLE = YES;
				IPHONEOS_DEPLOYMENT_TARGET = 12.2;
				MTL_ENABLE_DEBUG_INFO = INCLUDE_SOURCE;
				MTL_FAST_MATH = YES;
				ONLY_ACTIVE_ARCH = YES;
				SDKROOT = iphoneos;
				SWIFT_ACTIVE_COMPILATION_CONDITIONS = DEBUG;
				SWIFT_OPTIMIZATION_LEVEL = "-Onone";
			};
			name = Debug;
		};
		90DBC8102301501000235BDA /* Release */ = {
			isa = XCBuildConfiguration;
			buildSettings = {
				ALWAYS_SEARCH_USER_PATHS = NO;
				CLANG_ANALYZER_NONNULL = YES;
				CLANG_ANALYZER_NUMBER_OBJECT_CONVERSION = YES_AGGRESSIVE;
				CLANG_CXX_LANGUAGE_STANDARD = "gnu++14";
				CLANG_CXX_LIBRARY = "libc++";
				CLANG_ENABLE_MODULES = YES;
				CLANG_ENABLE_OBJC_ARC = YES;
				CLANG_ENABLE_OBJC_WEAK = YES;
				CLANG_WARN_BLOCK_CAPTURE_AUTORELEASING = YES;
				CLANG_WARN_BOOL_CONVERSION = YES;
				CLANG_WARN_COMMA = YES;
				CLANG_WARN_CONSTANT_CONVERSION = YES;
				CLANG_WARN_DEPRECATED_OBJC_IMPLEMENTATIONS = YES;
				CLANG_WARN_DIRECT_OBJC_ISA_USAGE = YES_ERROR;
				CLANG_WARN_DOCUMENTATION_COMMENTS = YES;
				CLANG_WARN_EMPTY_BODY = YES;
				CLANG_WARN_ENUM_CONVERSION = YES;
				CLANG_WARN_INFINITE_RECURSION = YES;
				CLANG_WARN_INT_CONVERSION = YES;
				CLANG_WARN_NON_LITERAL_NULL_CONVERSION = YES;
				CLANG_WARN_OBJC_IMPLICIT_RETAIN_SELF = YES;
				CLANG_WARN_OBJC_LITERAL_CONVERSION = YES;
				CLANG_WARN_OBJC_ROOT_CLASS = YES_ERROR;
				CLANG_WARN_RANGE_LOOP_ANALYSIS = YES;
				CLANG_WARN_STRICT_PROTOTYPES = YES;
				CLANG_WARN_SUSPICIOUS_MOVE = YES;
				CLANG_WARN_UNGUARDED_AVAILABILITY = YES_AGGRESSIVE;
				CLANG_WARN_UNREACHABLE_CODE = YES;
				CLANG_WARN__DUPLICATE_METHOD_MATCH = YES;
				CODE_SIGN_IDENTITY = "iPhone Developer";
				COPY_PHASE_STRIP = NO;
				DEBUG_INFORMATION_FORMAT = "dwarf-with-dsym";
				ENABLE_NS_ASSERTIONS = NO;
				ENABLE_STRICT_OBJC_MSGSEND = YES;
				GCC_C_LANGUAGE_STANDARD = gnu11;
				GCC_NO_COMMON_BLOCKS = YES;
				GCC_WARN_64_TO_32_BIT_CONVERSION = YES;
				GCC_WARN_ABOUT_RETURN_TYPE = YES_ERROR;
				GCC_WARN_UNDECLARED_SELECTOR = YES;
				GCC_WARN_UNINITIALIZED_AUTOS = YES_AGGRESSIVE;
				GCC_WARN_UNUSED_FUNCTION = YES;
				GCC_WARN_UNUSED_VARIABLE = YES;
				IPHONEOS_DEPLOYMENT_TARGET = 12.2;
				MTL_ENABLE_DEBUG_INFO = NO;
				MTL_FAST_MATH = YES;
				SDKROOT = iphoneos;
				SWIFT_COMPILATION_MODE = wholemodule;
				SWIFT_OPTIMIZATION_LEVEL = "-O";
				VALIDATE_PRODUCT = YES;
			};
			name = Release;
		};
		90DBC8122301501000235BDA /* Debug */ = {
			isa = XCBuildConfiguration;
			buildSettings = {
				ASSETCATALOG_COMPILER_APPICON_NAME = AppIcon;
				CODE_SIGN_STYLE = Automatic;
				INFOPLIST_FILE = SwiftSample/Info.plist;
				LD_RUNPATH_SEARCH_PATHS = (
					"$(inherited)",
					"@executable_path/Frameworks",
				);
				PRODUCT_BUNDLE_IDENTIFIER = com.muchan611.SwiftSample;
				PRODUCT_NAME = "$(TARGET_NAME)";
				SWIFT_VERSION = 5.0;
				TARGETED_DEVICE_FAMILY = "1,2";
			};
			name = Debug;
		};
		90DBC8132301501000235BDA /* Release */ = {
			isa = XCBuildConfiguration;
			buildSettings = {
				ASSETCATALOG_COMPILER_APPICON_NAME = AppIcon;
				CODE_SIGN_STYLE = Automatic;
				INFOPLIST_FILE = SwiftSample/Info.plist;
				LD_RUNPATH_SEARCH_PATHS = (
					"$(inherited)",
					"@executable_path/Frameworks",
				);
				PRODUCT_BUNDLE_IDENTIFIER = com.muchan611.SwiftSample;
				PRODUCT_NAME = "$(TARGET_NAME)";
				SWIFT_VERSION = 5.0;
				TARGETED_DEVICE_FAMILY = "1,2";
			};
			name = Release;
		};
		90DBC8152301501000235BDA /* Debug */ = {
			isa = XCBuildConfiguration;
			buildSettings = {
				ALWAYS_EMBED_SWIFT_STANDARD_LIBRARIES = YES;
				BUNDLE_LOADER = "$(TEST_HOST)";
				CODE_SIGN_STYLE = Automatic;
				INFOPLIST_FILE = SwiftSampleTests/Info.plist;
				LD_RUNPATH_SEARCH_PATHS = (
					"$(inherited)",
					"@executable_path/Frameworks",
					"@loader_path/Frameworks",
				);
				PRODUCT_BUNDLE_IDENTIFIER = com.muchan611.SwiftSampleTests;
				PRODUCT_NAME = "$(TARGET_NAME)";
				SWIFT_VERSION = 5.0;
				TARGETED_DEVICE_FAMILY = "1,2";
				TEST_HOST = "$(BUILT_PRODUCTS_DIR)/SwiftSample.app/SwiftSample";
			};
			name = Debug;
		};
		90DBC8162301501000235BDA /* Release */ = {
			isa = XCBuildConfiguration;
			buildSettings = {
				ALWAYS_EMBED_SWIFT_STANDARD_LIBRARIES = YES;
				BUNDLE_LOADER = "$(TEST_HOST)";
				CODE_SIGN_STYLE = Automatic;
				INFOPLIST_FILE = SwiftSampleTests/Info.plist;
				LD_RUNPATH_SEARCH_PATHS = (
					"$(inherited)",
					"@executable_path/Frameworks",
					"@loader_path/Frameworks",
				);
				PRODUCT_BUNDLE_IDENTIFIER = com.muchan611.SwiftSampleTests;
				PRODUCT_NAME = "$(TARGET_NAME)";
				SWIFT_VERSION = 5.0;
				TARGETED_DEVICE_FAMILY = "1,2";
				TEST_HOST = "$(BUILT_PRODUCTS_DIR)/SwiftSample.app/SwiftSample";
			};
			name = Release;
		};
		90DBC8182301501000235BDA /* Debug */ = {
			isa = XCBuildConfiguration;
			buildSettings = {
				ALWAYS_EMBED_SWIFT_STANDARD_LIBRARIES = YES;
				CODE_SIGN_STYLE = Automatic;
				INFOPLIST_FILE = SwiftSampleUITests/Info.plist;
				LD_RUNPATH_SEARCH_PATHS = (
					"$(inherited)",
					"@executable_path/Frameworks",
					"@loader_path/Frameworks",
				);
				PRODUCT_BUNDLE_IDENTIFIER = com.muchan611.SwiftSampleUITests;
				PRODUCT_NAME = "$(TARGET_NAME)";
				SWIFT_VERSION = 5.0;
				TARGETED_DEVICE_FAMILY = "1,2";
				TEST_TARGET_NAME = SwiftSample;
			};
			name = Debug;
		};
		90DBC8192301501000235BDA /* Release */ = {
			isa = XCBuildConfiguration;
			buildSettings = {
				ALWAYS_EMBED_SWIFT_STANDARD_LIBRARIES = YES;
				CODE_SIGN_STYLE = Automatic;
				INFOPLIST_FILE = SwiftSampleUITests/Info.plist;
				LD_RUNPATH_SEARCH_PATHS = (
					"$(inherited)",
					"@executable_path/Frameworks",
					"@loader_path/Frameworks",
				);
				PRODUCT_BUNDLE_IDENTIFIER = com.muchan611.SwiftSampleUITests;
				PRODUCT_NAME = "$(TARGET_NAME)";
				SWIFT_VERSION = 5.0;
				TARGETED_DEVICE_FAMILY = "1,2";
				TEST_TARGET_NAME = SwiftSample;
			};
			name = Release;
		};
/* End XCBuildConfiguration section */

/* Begin XCConfigurationList section */
		90DBC7E42301500F00235BDA /* Build configuration list for PBXProject "SwiftSample" */ = {
			isa = XCConfigurationList;
			buildConfigurations = (
				90DBC80F2301501000235BDA /* Debug */,
				90DBC8102301501000235BDA /* Release */,
			);
			defaultConfigurationIsVisible = 0;
			defaultConfigurationName = Release;
		};
		90DBC8112301501000235BDA /* Build configuration list for PBXNativeTarget "SwiftSample" */ = {
			isa = XCConfigurationList;
			buildConfigurations = (
				90DBC8122301501000235BDA /* Debug */,
				90DBC8132301501000235BDA /* Release */,
			);
			defaultConfigurationIsVisible = 0;
			defaultConfigurationName = Release;
		};
		90DBC8142301501000235BDA /* Build configuration list for PBXNativeTarget "SwiftSampleTests" */ = {
			isa = XCConfigurationList;
			buildConfigurations = (
				90DBC8152301501000235BDA /* Debug */,
				90DBC8162301501000235BDA /* Release */,
			);
			defaultConfigurationIsVisible = 0;
			defaultConfigurationName = Release;
		};
		90DBC8172301501000235BDA /* Build configuration list for PBXNativeTarget "SwiftSampleUITests" */ = {
			isa = XCConfigurationList;
			buildConfigurations = (
				90DBC8182301501000235BDA /* Debug */,
				90DBC8192301501000235BDA /* Release */,
			);
			defaultConfigurationIsVisible = 0;
			defaultConfigurationName = Release;
		};
/* End XCConfigurationList section */
	};
	rootObject = 90DBC7E12301500F00235BDA /* Project object */;
}
